
Microsoft Visual Studio Solution File, Format Version 12.00
# Visual Studio Version 17
VisualStudioVersion = 17.3.32825.248
MinimumVisualStudioVersion = 10.0.40219.1
Project("{FAE04EC0-301F-11D3-BF4B-00C04F79EFBC}") = "DiamondShapes", "DiamondShapes\DiamondShapes.csproj", "{FB579424-83D0-42E2-AE71-9F7A2718C9BF}"
EndProject
Project("{FAE04EC0-301F-11D3-BF4B-00C04F79EFBC}") = "DiamondShapeTests", "DiamondShapeTests\DiamondShapeTests.csproj", "{B7C4826F-586E-41C0-9619-9DA26B603B11}"
EndProject
Global
	GlobalSection(SolutionConfigurationPlatforms) = preSolution
		Debug|Any CPU = Debug|Any CPU
		Release|Any CPU = Release|Any CPU
	EndGlobalSection
	GlobalSection(ProjectConfigurationPlatforms) = postSolution
		{FB579424-83D0-42E2-AE71-9F7A2718C9BF}.Debug|Any CPU.ActiveCfg = Debug|Any CPU
		{FB579424-83D0-42E2-AE71-9F7A2718C9BF}.Debug|Any CPU.Build.0 = Debug|Any CPU
		{FB579424-83D0-42E2-AE71-9F7A2718C9BF}.Release|Any CPU.ActiveCfg = Release|Any CPU
		{FB579424-83D0-42E2-AE71-9F7A2718C9BF}.Release|Any CPU.Build.0 = Release|Any CPU
		{B7C4826F-586E-41C0-9619-9DA26B603B11}.Debug|Any CPU.ActiveCfg = Debug|Any CPU
		{B7C4826F-586E-41C0-9619-9DA26B603B11}.Debug|Any CPU.Build.0 = Debug|Any CPU
		{B7C4826F-586E-41C0-9619-9DA26B603B11}.Release|Any CPU.ActiveCfg = Release|Any CPU
		{B7C4826F-586E-41C0-9619-9DA26B603B11}.Release|Any CPU.Build.0 = Release|Any CPU
	EndGlobalSection
	GlobalSection(SolutionProperties) = preSolution
		HideSolutionNode = FALSE
	EndGlobalSection
	GlobalSection(ExtensibilityGlobals) = postSolution
		SolutionGuid = {C8702A83-8548-45E1-9DC8-660FCF80C582}
	EndGlobalSection
EndGlobal
